github.com/CloudyKit/fastprinter v0.0.0-20200109182630-33d98a066a53 h1:sR+/8Yb4slttB4vD+b9btVEnWgL3Q00OBTzVT8B9C0c=
github.com/CloudyKit/fastprinter v0.0.0-20200109182630-33d98a066a53/go.mod h1:+3IMCy2vIlbG1XG/0ggNQv0SvxCAIpPM5b1nCz56Xno=
github.com/CloudyKit/jet/v6 v6.1.0 h1:hvO96X345XagdH1fAoBjpBYG4a1ghhL/QzalkduPuXk=
github.com/CloudyKit/jet/v6 v6.1.0/go.mod h1:d3ypHeIRNo2+XyqnGA8s+aphtcVpjP5hPwP/Lzo7Ro4=
github.com/davecgh/go-spew v1.1.0 h1:ZDRjVQ15GmhC3fiQ8ni8+OwkZQO4DARzQgrnXU1Liz8=
github.com/davecgh/go-spew v1.1.0/go.mod h1:J7Y8YcW2NihsgmVo/mv3lAwl/skON4iLHjSsI+c5H38=
github.com/goclub/captcha v0.0.0-20210805072708-3a63843269fb h1:wVJa2TMR1JCIhkLShhTWe4J8f8ct981GdTjYdTedDo8=
github.com/goclub/captcha v0.0.0-20210805072708-3a63843269fb/go.mod h1:h74qt0WauEEJsNYXshLZmOr32k9bcI2QSKqJmE4u5nc=
github.com/goclub/conv v0.0.0-20210212152229-4c7944a42840 h1:XGSWD0qFbSqWso8hrJU3OBNVEyw+R3jd/tU578Yr4fk=
github.com/goclub/conv v0.0.0-20210212152229-4c7944a42840/go.mod h1:iAu2C+UiczzPo2c9enIIzM5xeLbvpbpPw8bzmL4xt80=
github.com/goclub/error v0.0.0-20210728132129-b001d25da138 h1:hAcpXWPuEbQbhbieHI7ulvuH8bgid0w2IeuiwQiHzqg=
github.com/goclub/error v0.0.0-20210728132129-b001d25da138/go.mod h1:2ombCAL3uNuhVNevp56iOpelgiQIyxlYkz7t6nWEC18=
github.com/goclub/http v0.0.0-20210825064926-025f7f43ce47 h1:s+7aiUTcVlR6rSaZqfju8vpPiVaoN5UTNwu2JKZZb2U=
github.com/goclub/http v0.0.0-20210825064926-025f7f43ce47/go.mod h1:IzI1F2agBK2Ijp84DZijCfApaNtKMpHZ6FKkl3xZwR4=
github.com/goclub/http v0.0.0-20210919142123-389e7376e9a4 h1:2fXEPM+7pE06xes+1xedhoKFYvrXOIfkEqCSEaHvuv4=
github.com/goclub/http v0.0.0-20210919142123-389e7376e9a4/go.mod h1:IzI1F2agBK2Ijp84DZijCfApaNtKMpHZ6FKkl3xZwR4=
github.com/goclub/http v0.0.0-20210919152540-e06f5b825b2a h1:yeR3A+ed50IpQ+vKjCWtt11ZAWPzc6l1ddp9Zo/m0s8=
github.com/goclub/http v0.0.0-20210919152540-e06f5b825b2a/go.mod h1:j46lid8hpeA37qr5UktiZEfQBhrs+xiU5QRaRP9CmGY=
github.com/goclub/http v0.0.0-20210920134756-9b77f551b3e1 h1:N4Xc7gGv2ijYTB8wFDPBGL+NLDlMWvXvPg+kYTUB+NM=
github.com/goclub/http v0.0.0-20210920134756-9b77f551b3e1/go.mod h1:j46lid8hpeA37qr5UktiZEfQBhrs+xiU5QRaRP9CmGY=
github.com/goclub/json v0.0.0-20201212033753-4350fe0a941e/go.mod h1:K7bX26XRz/QHEzyXUZNCYwN8yQsrfedeC1hhsE9HcRk=
github.com/goclub/json v0.0.0-20201216064424-4c200d38c18f/go.mod h1:K7bX26XRz/QHEzyXUZNCYwN8yQsrfedeC1hhsE9HcRk=
github.com/goclub/json v0.0.0-20210727105554-d12671f7a3fb h1:Yb0/VK5pvZvRcKam/sQ5ESkM5SJWxzvSxVqPCyeTc3E=
github.com/goclub/json v0.0.0-20210727105554-d12671f7a3fb/go.mod h1:K7bX26XRz/QHEzyXUZNCYwN8yQsrfedeC1hhsE9HcRk=
github.com/goclub/reflect v0.0.0-20201224025738-7f37ac2827fc h1:sxZyievtovcLzlbQYj+iBha+w7pFJg/4D3nF8ZzzSnU=
github.com/goclub/reflect v0.0.0-20201224025738-7f37ac2827fc/go.mod h1:gZD1Jbtu5ZI1wM8tuCdqlR5l7PsLZbbPsNWrrCbHCpw=
github.com/goclub/time v0.0.0-20210216123546-3bdf423eb95f h1:hrONfxE5IRcPdV4k9O5/cjCYnwHbaXYVUC7aovssryo=
github.com/goclub/time v0.0.0-20210216123546-3bdf423eb95f/go.mod h1:ubQiIzvf3qBw+a+J5563Rpf3yq2UvsVQzESGdg1rR4A=
github.com/golang/freetype v0.0.0-20170609003504-e2365dfdc4a0 h1:DACJavvAHhabrF08vX0COfcOBJRhZ8lUbR+ZWIs0Y5g=
github.com/golang/freetype v0.0.0-20170609003504-e2365dfdc4a0/go.mod h1:E/TSTwGwJL78qG/PmXZO1EjYhfJinVAhrmmHX6Z8B9k=
github.com/google/uuid v1.2.0/go.mod h1:TIyPZe4MgqvfeYDBFedMoGGpEw/LqOeaOT+nhxU+yHo=
github.com/gorilla/mux v1.8.0 h1:i40aqfkR1h2SlN9hojwV5ZA91wcXFOvkdNIeFDP5koI=
github.com/gorilla/mux v1.8.0/go.mod h1:DVbg23sWSpFRCP0SfiEN6jmj59UnW/n46BH5rLB71So=
github.com/pkg/errors v0.9.1 h1:FEBLx1zS214owpjy7qsBeixbURkuhQAwrK5UwLGTwt4=
github.com/pkg/errors v0.9.1/go.mod h1:bwawxfHBFNV+L2hUp1rHADufV3IMtnDRdf1r5NINEl0=
github.com/pmezard/go-difflib v1.0.0 h1:4DBwDE0NGyQoBHbLQYPwSUPoCMWR5BEzIk/f1lZbAQM=
github.com/pmezard/go-difflib v1.0.0/go.mod h1:iKH77koFhYxTK1pcRnkKkqfTogsbg7gZNVY4sRDYZ/4=
github.com/steambap/captcha v1.3.1 h1:trn4Y1EutCCr8Q9PPxOjs+ueZCaKdioznxAm7NQ9PYU=
github.com/steambap/captcha v1.3.1/go.mod h1:OPtfgZrvs/bolQ9JIZXsejxNzc98ETqaiMCVg8kqQGM=
github.com/stretchr/objx v0.1.0/go.mod h1:HFkY916IF+rwdDfMAkV7OtwuqBVzrE8GR6GFx+wExME=
github.com/stretchr/testify v1.6.1/go.mod h1:6Fq8oRcR53rry900zMqJjRRixrwX3KX962/h/Wwjteg=
github.com/stretchr/testify v1.7.0 h1:nwc3DEeHmmLAfoZucVR881uASk0Mfjw8xYJ99tb5CcY=
github.com/stretchr/testify v1.7.0/go.mod h1:6Fq8oRcR53rry900zMqJjRRixrwX3KX962/h/Wwjteg=
golang.org/x/crypto v0.0.0-20190308221718-c2843e01d9a2/go.mod h1:djNgcEr1/C05ACkg1iLfiJU5Ep61QUkGW8qpdssI0+w=
golang.org/x/crypto v0.0.0-20191117063200-497ca9f6d64f/go.mod h1:LzIPMQfyMNhhGPhUkYOs5KpL4U8rLKemX1yGLhDgUto=
golang.org/x/image v0.0.0-20200618115811-c13761719519/go.mod h1:FeLwcggjj3mMvU+oOTbSwawSJRM1uh48EjtB4UJZlP0=
golang.org/x/image v0.0.0-20210628002857-a66eb6448b8d h1:RNPAfi2nHY7C2srAV8A49jpsYr0ADedCk1wq6fTMTvs=
golang.org/x/image v0.0.0-20210628002857-a66eb6448b8d/go.mod h1:023OzeP/+EPmXeapQh35lcL3II3LrY8Ic+EFFKVhULM=
golang.org/x/net v0.0.0-20190404232315-eb5bcb51f2a3/go.mod h1:t9HGtf8HONx5eT2rtn7q6eTqICYqUVnKs3thJo3Qplg=
golang.org/x/net v0.0.0-20190620200207-3b0461eec859/go.mod h1:z5CRVTTTmAJ677TzLLGU+0bjPO0LkuOLi4/5GtJWs/s=
golang.org/x/net v0.0.0-20191119073136-fc4aabc6c914/go.mod h1:z5CRVTTTmAJ677TzLLGU+0bjPO0LkuOLi4/5GtJWs/s=
golang.org/x/sync v0.0.0-20190423024810-112230192c58/go.mod h1:RxMgew5VJxzue5/jJTE5uejpjVlOe/izrB70Jof72aM=
golang.org/x/sync v0.0.0-20190911185100-cd5d95a43a6e/go.mod h1:RxMgew5VJxzue5/jJTE5uejpjVlOe/izrB70Jof72aM=
golang.org/x/sys v0.0.0-20190215142949-d0b11bdaac8a/go.mod h1:STP8DvDyc/dI5b8T5hshtkjS+E42TnysNCUPdjciGhY=
golang.org/x/sys v0.0.0-20190412213103-97732733099d/go.mod h1:h1NjWce9XRLGQEsW7wpKNCjG9DtNlClVuFLEZdDNbEs=
golang.org/x/sys v0.0.0-20191119060738-e882bf8e40c2/go.mod h1:h1NjWce9XRLGQEsW7wpKNCjG9DtNlClVuFLEZdDNbEs=
golang.org/x/text v0.3.0/go.mod h1:NqM8EUOU14njkJ3fqMW+pc6Ldnwhi/IjpwHt7yyuwOQ=
golang.org/x/text v0.3.2/go.mod h1:bEr9sfX3Q8Zfm5fL9x+3itogRgK3+ptLWKqgva+5dAk=
golang.org/x/text v0.3.6/go.mod h1:5Zoc/QRtKVWzQhOtBMvqHzDpF6irO9z98xDceosuGiQ=
golang.org/x/tools v0.0.0-20180917221912-90fa682c2a6e/go.mod h1:n7NCudcB/nEzxVGmLbDWY5pfWTLqBcC2KZ6jyYvM4mQ=
golang.org/x/tools v0.0.0-20191118222007-07fc4c7f2b98/go.mod h1:b+2E5dAYhXwXZwtnZ6UAqBI28+e2cm9otk0dWdXHAEo=
golang.org/x/xerrors v0.0.0-20190717185122-a985d3407aa7/go.mod h1:I/5z698sn9Ka8TeJc9MKroUUfqBBauWjQqLJ2OPfmY0=
golang.org/x/xerrors v0.0.0-20191011141410-1b5146add898/go.mod h1:I/5z698sn9Ka8TeJc9MKroUUfqBBauWjQqLJ2OPfmY0=
gopkg.in/check.v1 v0.0.0-20161208181325-20d25e280405 h1:yhCVgyC4o1eVCa2tZl7eS0r+SDo693bJlVdllGtEeKM=
gopkg.in/check.v1 v0.0.0-20161208181325-20d25e280405/go.mod h1:Co6ibVJAznAaIkqp8huTwlJQCZ016jof/cbN4VW5Yz0=
gopkg.in/yaml.v3 v3.0.0-20200313102051-9f266ea9e77c h1:dUUwHk2QECo/6vqA44rthZ8ie2QXMNeKRTHCNY2nXvo=
gopkg.in/yaml.v3 v3.0.0-20200313102051-9f266ea9e77c/go.mod h1:K4uyk7z7BCEPqu6E+C64Yfv1cQ7kz7rIZviUmN+EgEM=
